
Microsoft Visual Studio Solution File, Format Version 12.00
# Visual Studio 14
VisualStudioVersion = 14.0.25420.1
MinimumVisualStudioVersion = 10.0.40219.1
Project("{F184B08F-C81C-45F6-A57F-5ABD9991F28F}") = "Addon_Tubac", "Addon_Tubac\Addon_Tubac.vbproj", "{A19D666E-73F9-4946-83EF-ED63AA8E6912}"
EndProject
Global
	GlobalSection(SolutionConfigurationPlatforms) = preSolution
		Debug|Any CPU = Debug|Any CPU
		Release|Any CPU = Release|Any CPU
	EndGlobalSection
	GlobalSection(ProjectConfigurationPlatforms) = postSolution
		{A19D666E-73F9-4946-83EF-ED63AA8E6912}.Debug|Any CPU.ActiveCfg = Debug|Any CPU
		{A19D666E-73F9-4946-83EF-ED63AA8E6912}.Debug|Any CPU.Build.0 = Debug|Any CPU
		{A19D666E-73F9-4946-83EF-ED63AA8E6912}.Release|Any CPU.ActiveCfg = Release|Any CPU
		{A19D666E-73F9-4946-83EF-ED63AA8E6912}.Release|Any CPU.Build.0 = Release|Any CPU
	EndGlobalSection
	GlobalSection(SolutionProperties) = preSolution
		HideSolutionNode = FALSE
	EndGlobalSection
EndGlobal
